# GraftX opcode lock — generated by `cargo xtask opcodes-lock --write`.
# One line per opcode: `0x<api>_<call> <API> <NAME>`, sorted by (api_id, call_id).
# Do not edit by hand; renumbering an opcode here will fail `opcodes-lock --check`.
0x00_000001 Core HELLO
0x00_000002 Core WELCOME
0x00_000003 Core NOOP
0x01_000001 Vulkan CREATE_INSTANCE
0x01_000002 Vulkan DESTROY_INSTANCE
0x01_000003 Vulkan ENUMERATE_PHYSICAL_DEVICES
0x01_000004 Vulkan GET_PHYSICAL_DEVICE_PROPERTIES
0x01_000005 Vulkan CREATE_DEVICE
0x01_000006 Vulkan DESTROY_DEVICE
0x01_000007 Vulkan GET_DEVICE_QUEUE
0x01_000008 Vulkan DEVICE_WAIT_IDLE
0x01_000010 Vulkan ALLOCATE_MEMORY
0x01_000011 Vulkan CREATE_BUFFER
0x01_000012 Vulkan BIND_BUFFER_MEMORY
0x02_000001 OpenGl CREATE_CONTEXT
0x02_000002 OpenGl MAKE_CURRENT
0x02_000003 OpenGl GEN_BUFFER
0x03_000001 Cuda CTX_CREATE
0x03_000002 Cuda MEM_ALLOC
0x03_000003 Cuda MEM_FREE
